
Microsoft Visual Studio Solution File, Format Version 12.00
# Visual Studio Version 16
VisualStudioVersion = 16.0.29728.190
MinimumVisualStudioVersion = 10.0.40219.1
Project("{8BC9CEB8-8B4A-11D0-8D11-00A0C91BC942}") = "Lab1++", "Lab1++\Lab1++.vcxproj", "{83A94758-16AE-46E6-A065-CD33E1328B6D}"
EndProject
Project("{9A19103F-16F7-4668-BE54-9A1E7A4F7556}") = "Lab1Sharp", "Lab1Sharp\Lab1Sharp.csproj", "{5C3522A5-AEBD-41A9-8F5A-F25D3FF09E3F}"
EndProject
Project("{8BC9CEB8-8B4A-11D0-8D11-00A0C91BC942}") = "Lab2++", "Lab2++\Lab2++.vcxproj", "{14A8ABC4-C794-41F5-93A7-A74511B3332E}"
EndProject
Project("{9A19103F-16F7-4668-BE54-9A1E7A4F7556}") = "Lab2SharpLib", "Lab2SharpLib\Lab2SharpLib.csproj", "{BAF97FDC-B25A-46F0-BE88-1A2D09126F3B}"
EndProject
Project("{9A19103F-16F7-4668-BE54-9A1E7A4F7556}") = "Lab2Sharp", "Lab2Sharp\Lab2Sharp.csproj", "{52C083C3-876C-404A-A477-787C458E7025}"
EndProject
Project("{9A19103F-16F7-4668-BE54-9A1E7A4F7556}") = "Lab3", "Lab3\Lab3.csproj", "{7C615D66-8B9B-4A43-9480-F7513253742D}"
EndProject
Project("{9A19103F-16F7-4668-BE54-9A1E7A4F7556}") = "Lab4Sharp", "Lab4Sharp\Lab4Sharp.csproj", "{3C8F3F65-B770-4B6E-8D20-6D2DFBFB6595}"
EndProject
Project("{8BC9CEB8-8B4A-11D0-8D11-00A0C91BC942}") = "Lab4++", "Lab4++\Lab4++.vcxproj", "{E9259600-F1F2-4ED5-A076-CEE2A974F602}"
EndProject
Project("{8BC9CEB8-8B4A-11D0-8D11-00A0C91BC942}") = "Lab5++", "Lab5++\Lab5++.vcxproj", "{E77122F0-AE21-455D-9395-B258B275AC22}"
EndProject
Project("{9A19103F-16F7-4668-BE54-9A1E7A4F7556}") = "Lab5Sharp", "Lab5Sharp\Lab5Sharp.csproj", "{517BF3FC-49B2-40F5-8695-BE61AE369C18}"
EndProject
Project("{9A19103F-16F7-4668-BE54-9A1E7A4F7556}") = "Lab6Sharp", "Lab6Sharp\Lab6Sharp.csproj", "{8F8A4735-984B-4E43-83F9-C4C2F97B3CBC}"
EndProject
Project("{8BC9CEB8-8B4A-11D0-8D11-00A0C91BC942}") = "Lab6++", "Lab6++\Lab6++.vcxproj", "{48C3444B-9CAD-4826-B52B-B10DC8B23B00}"
EndProject
Project("{9A19103F-16F7-4668-BE54-9A1E7A4F7556}") = "Lab7Sharp", "Lab7Sharp\Lab7Sharp.csproj", "{502AE1BE-DBB0-4765-B24F-1A3E06883976}"
EndProject
Project("{9A19103F-16F7-4668-BE54-9A1E7A4F7556}") = "Lab8Sharp", "Lab8Sharp\Lab8Sharp.csproj", "{5E9BC322-E160-465E-8490-9E38C68F2BC0}"
EndProject
Project("{8BC9CEB8-8B4A-11D0-8D11-00A0C91BC942}") = "Lab8++", "Lab8++\Lab8++.vcxproj", "{27BF45AF-A2B5-42DF-81EA-B3A70D19ECAD}"
EndProject
Project("{9A19103F-16F7-4668-BE54-9A1E7A4F7556}") = "Lab8SharpLib", "Lab8SharpLib\Lab8SharpLib.csproj", "{C17A8FC3-C9C0-4668-B4A9-31C87955ABB6}"
EndProject
Project("{9A19103F-16F7-4668-BE54-9A1E7A4F7556}") = "Kursach", "Kursach\Kursach.csproj", "{1419F347-D95F-44BF-B2DA-BA85FB4AB845}"
EndProject
Project("{9A19103F-16F7-4668-BE54-9A1E7A4F7556}") = "KursachLib", "KursachLib\KursachLib.csproj", "{8BEBBF48-8B93-4D21-906D-D6BD25CC1F78}"
EndProject
Global
	GlobalSection(SolutionConfigurationPlatforms) = preSolution
		Debug|Any CPU = Debug|Any CPU
		Debug|x64 = Debug|x64
		Debug|x86 = Debug|x86
		Release|Any CPU = Release|Any CPU
		Release|x64 = Release|x64
		Release|x86 = Release|x86
	EndGlobalSection
	GlobalSection(ProjectConfigurationPlatforms) = postSolution
		{83A94758-16AE-46E6-A065-CD33E1328B6D}.Debug|Any CPU.ActiveCfg = Debug|Win32
		{83A94758-16AE-46E6-A065-CD33E1328B6D}.Debug|x64.ActiveCfg = Debug|x64
		{83A94758-16AE-46E6-A065-CD33E1328B6D}.Debug|x64.Build.0 = Debug|x64
		{83A94758-16AE-46E6-A065-CD33E1328B6D}.Debug|x86.ActiveCfg = Debug|Win32
		{83A94758-16AE-46E6-A065-CD33E1328B6D}.Debug|x86.Build.0 = Debug|Win32
		{83A94758-16AE-46E6-A065-CD33E1328B6D}.Release|Any CPU.ActiveCfg = Release|Win32
		{83A94758-16AE-46E6-A065-CD33E1328B6D}.Release|x64.ActiveCfg = Release|x64
		{83A94758-16AE-46E6-A065-CD33E1328B6D}.Release|x64.Build.0 = Release|x64
		{83A94758-16AE-46E6-A065-CD33E1328B6D}.Release|x86.ActiveCfg = Release|Win32
		{83A94758-16AE-46E6-A065-CD33E1328B6D}.Release|x86.Build.0 = Release|Win32
		{5C3522A5-AEBD-41A9-8F5A-F25D3FF09E3F}.Debug|Any CPU.ActiveCfg = Debug|Any CPU
		{5C3522A5-AEBD-41A9-8F5A-F25D3FF09E3F}.Debug|Any CPU.Build.0 = Debug|Any CPU
		{5C3522A5-AEBD-41A9-8F5A-F25D3FF09E3F}.Debug|x64.ActiveCfg = Debug|Any CPU
		{5C3522A5-AEBD-41A9-8F5A-F25D3FF09E3F}.Debug|x64.Build.0 = Debug|Any CPU
		{5C3522A5-AEBD-41A9-8F5A-F25D3FF09E3F}.Debug|x86.ActiveCfg = Debug|Any CPU
		{5C3522A5-AEBD-41A9-8F5A-F25D3FF09E3F}.Debug|x86.Build.0 = Debug|Any CPU
		{5C3522A5-AEBD-41A9-8F5A-F25D3FF09E3F}.Release|Any CPU.ActiveCfg = Release|Any CPU
		{5C3522A5-AEBD-41A9-8F5A-F25D3FF09E3F}.Release|Any CPU.Build.0 = Release|Any CPU
		{5C3522A5-AEBD-41A9-8F5A-F25D3FF09E3F}.Release|x64.ActiveCfg = Release|Any CPU
		{5C3522A5-AEBD-41A9-8F5A-F25D3FF09E3F}.Release|x64.Build.0 = Release|Any CPU
		{5C3522A5-AEBD-41A9-8F5A-F25D3FF09E3F}.Release|x86.ActiveCfg = Release|Any CPU
		{5C3522A5-AEBD-41A9-8F5A-F25D3FF09E3F}.Release|x86.Build.0 = Release|Any CPU
		{14A8ABC4-C794-41F5-93A7-A74511B3332E}.Debug|Any CPU.ActiveCfg = Debug|Win32
		{14A8ABC4-C794-41F5-93A7-A74511B3332E}.Debug|x64.ActiveCfg = Debug|x64
		{14A8ABC4-C794-41F5-93A7-A74511B3332E}.Debug|x64.Build.0 = Debug|x64
		{14A8ABC4-C794-41F5-93A7-A74511B3332E}.Debug|x86.ActiveCfg = Debug|Win32
		{14A8ABC4-C794-41F5-93A7-A74511B3332E}.Debug|x86.Build.0 = Debug|Win32
		{14A8ABC4-C794-41F5-93A7-A74511B3332E}.Release|Any CPU.ActiveCfg = Release|Win32
		{14A8ABC4-C794-41F5-93A7-A74511B3332E}.Release|x64.ActiveCfg = Release|x64
		{14A8ABC4-C794-41F5-93A7-A74511B3332E}.Release|x64.Build.0 = Release|x64
		{14A8ABC4-C794-41F5-93A7-A74511B3332E}.Release|x86.ActiveCfg = Release|Win32
		{14A8ABC4-C794-41F5-93A7-A74511B3332E}.Release|x86.Build.0 = Release|Win32
		{BAF97FDC-B25A-46F0-BE88-1A2D09126F3B}.Debug|Any CPU.ActiveCfg = Debug|Any CPU
		{BAF97FDC-B25A-46F0-BE88-1A2D09126F3B}.Debug|Any CPU.Build.0 = Debug|Any CPU
		{BAF97FDC-B25A-46F0-BE88-1A2D09126F3B}.Debug|x64.ActiveCfg = Debug|Any CPU
		{BAF97FDC-B25A-46F0-BE88-1A2D09126F3B}.Debug|x64.Build.0 = Debug|Any CPU
		{BAF97FDC-B25A-46F0-BE88-1A2D09126F3B}.Debug|x86.ActiveCfg = Debug|Any CPU
		{BAF97FDC-B25A-46F0-BE88-1A2D09126F3B}.Debug|x86.Build.0 = Debug|Any CPU
		{BAF97FDC-B25A-46F0-BE88-1A2D09126F3B}.Release|Any CPU.ActiveCfg = Release|Any CPU
		{BAF97FDC-B25A-46F0-BE88-1A2D09126F3B}.Release|Any CPU.Build.0 = Release|Any CPU
		{BAF97FDC-B25A-46F0-BE88-1A2D09126F3B}.Release|x64.ActiveCfg = Release|Any CPU
		{BAF97FDC-B25A-46F0-BE88-1A2D09126F3B}.Release|x64.Build.0 = Release|Any CPU
		{BAF97FDC-B25A-46F0-BE88-1A2D09126F3B}.Release|x86.ActiveCfg = Release|Any CPU
		{BAF97FDC-B25A-46F0-BE88-1A2D09126F3B}.Release|x86.Build.0 = Release|Any CPU
		{52C083C3-876C-404A-A477-787C458E7025}.Debug|Any CPU.ActiveCfg = Debug|Any CPU
		{52C083C3-876C-404A-A477-787C458E7025}.Debug|Any CPU.Build.0 = Debug|Any CPU
		{52C083C3-876C-404A-A477-787C458E7025}.Debug|x64.ActiveCfg = Debug|Any CPU
		{52C083C3-876C-404A-A477-787C458E7025}.Debug|x64.Build.0 = Debug|Any CPU
		{52C083C3-876C-404A-A477-787C458E7025}.Debug|x86.ActiveCfg = Debug|Any CPU
		{52C083C3-876C-404A-A477-787C458E7025}.Debug|x86.Build.0 = Debug|Any CPU
		{52C083C3-876C-404A-A477-787C458E7025}.Release|Any CPU.ActiveCfg = Release|Any CPU
		{52C083C3-876C-404A-A477-787C458E7025}.Release|Any CPU.Build.0 = Release|Any CPU
		{52C083C3-876C-404A-A477-787C458E7025}.Release|x64.ActiveCfg = Release|Any CPU
		{52C083C3-876C-404A-A477-787C458E7025}.Release|x64.Build.0 = Release|Any CPU
		{52C083C3-876C-404A-A477-787C458E7025}.Release|x86.ActiveCfg = Release|Any CPU
		{52C083C3-876C-404A-A477-787C458E7025}.Release|x86.Build.0 = Release|Any CPU
		{7C615D66-8B9B-4A43-9480-F7513253742D}.Debug|Any CPU.ActiveCfg = Debug|Any CPU
		{7C615D66-8B9B-4A43-9480-F7513253742D}.Debug|Any CPU.Build.0 = Debug|Any CPU
		{7C615D66-8B9B-4A43-9480-F7513253742D}.Debug|x64.ActiveCfg = Debug|Any CPU
		{7C615D66-8B9B-4A43-9480-F7513253742D}.Debug|x64.Build.0 = Debug|Any CPU
		{7C615D66-8B9B-4A43-9480-F7513253742D}.Debug|x86.ActiveCfg = Debug|Any CPU
		{7C615D66-8B9B-4A43-9480-F7513253742D}.Debug|x86.Build.0 = Debug|Any CPU
		{7C615D66-8B9B-4A43-9480-F7513253742D}.Release|Any CPU.ActiveCfg = Release|Any CPU
		{7C615D66-8B9B-4A43-9480-F7513253742D}.Release|Any CPU.Build.0 = Release|Any CPU
		{7C615D66-8B9B-4A43-9480-F7513253742D}.Release|x64.ActiveCfg = Release|Any CPU
		{7C615D66-8B9B-4A43-9480-F7513253742D}.Release|x64.Build.0 = Release|Any CPU
		{7C615D66-8B9B-4A43-9480-F7513253742D}.Release|x86.ActiveCfg = Release|Any CPU
		{7C615D66-8B9B-4A43-9480-F7513253742D}.Release|x86.Build.0 = Release|Any CPU
		{3C8F3F65-B770-4B6E-8D20-6D2DFBFB6595}.Debug|Any CPU.ActiveCfg = Debug|Any CPU
		{3C8F3F65-B770-4B6E-8D20-6D2DFBFB6595}.Debug|Any CPU.Build.0 = Debug|Any CPU
		{3C8F3F65-B770-4B6E-8D20-6D2DFBFB6595}.Debug|x64.ActiveCfg = Debug|Any CPU
		{3C8F3F65-B770-4B6E-8D20-6D2DFBFB6595}.Debug|x64.Build.0 = Debug|Any CPU
		{3C8F3F65-B770-4B6E-8D20-6D2DFBFB6595}.Debug|x86.ActiveCfg = Debug|Any CPU
		{3C8F3F65-B770-4B6E-8D20-6D2DFBFB6595}.Debug|x86.Build.0 = Debug|Any CPU
		{3C8F3F65-B770-4B6E-8D20-6D2DFBFB6595}.Release|Any CPU.ActiveCfg = Release|Any CPU
		{3C8F3F65-B770-4B6E-8D20-6D2DFBFB6595}.Release|Any CPU.Build.0 = Release|Any CPU
		{3C8F3F65-B770-4B6E-8D20-6D2DFBFB6595}.Release|x64.ActiveCfg = Release|Any CPU
		{3C8F3F65-B770-4B6E-8D20-6D2DFBFB6595}.Release|x64.Build.0 = Release|Any CPU
		{3C8F3F65-B770-4B6E-8D20-6D2DFBFB6595}.Release|x86.ActiveCfg = Release|Any CPU
		{3C8F3F65-B770-4B6E-8D20-6D2DFBFB6595}.Release|x86.Build.0 = Release|Any CPU
		{E9259600-F1F2-4ED5-A076-CEE2A974F602}.Debug|Any CPU.ActiveCfg = Debug|Win32
		{E9259600-F1F2-4ED5-A076-CEE2A974F602}.Debug|x64.ActiveCfg = Debug|x64
		{E9259600-F1F2-4ED5-A076-CEE2A974F602}.Debug|x64.Build.0 = Debug|x64
		{E9259600-F1F2-4ED5-A076-CEE2A974F602}.Debug|x86.ActiveCfg = Debug|Win32
		{E9259600-F1F2-4ED5-A076-CEE2A974F602}.Debug|x86.Build.0 = Debug|Win32
		{E9259600-F1F2-4ED5-A076-CEE2A974F602}.Release|Any CPU.ActiveCfg = Release|Win32
		{E9259600-F1F2-4ED5-A076-CEE2A974F602}.Release|x64.ActiveCfg = Release|x64
		{E9259600-F1F2-4ED5-A076-CEE2A974F602}.Release|x64.Build.0 = Release|x64
		{E9259600-F1F2-4ED5-A076-CEE2A974F602}.Release|x86.ActiveCfg = Release|Win32
		{E9259600-F1F2-4ED5-A076-CEE2A974F602}.Release|x86.Build.0 = Release|Win32
		{E77122F0-AE21-455D-9395-B258B275AC22}.Debug|Any CPU.ActiveCfg = Debug|Win32
		{E77122F0-AE21-455D-9395-B258B275AC22}.Debug|x64.ActiveCfg = Debug|x64
		{E77122F0-AE21-455D-9395-B258B275AC22}.Debug|x64.Build.0 = Debug|x64
		{E77122F0-AE21-455D-9395-B258B275AC22}.Debug|x86.ActiveCfg = Debug|Win32
		{E77122F0-AE21-455D-9395-B258B275AC22}.Debug|x86.Build.0 = Debug|Win32
		{E77122F0-AE21-455D-9395-B258B275AC22}.Release|Any CPU.ActiveCfg = Release|Win32
		{E77122F0-AE21-455D-9395-B258B275AC22}.Release|x64.ActiveCfg = Release|x64
		{E77122F0-AE21-455D-9395-B258B275AC22}.Release|x64.Build.0 = Release|x64
		{E77122F0-AE21-455D-9395-B258B275AC22}.Release|x86.ActiveCfg = Release|Win32
		{E77122F0-AE21-455D-9395-B258B275AC22}.Release|x86.Build.0 = Release|Win32
		{517BF3FC-49B2-40F5-8695-BE61AE369C18}.Debug|Any CPU.ActiveCfg = Debug|Any CPU
		{517BF3FC-49B2-40F5-8695-BE61AE369C18}.Debug|Any CPU.Build.0 = Debug|Any CPU
		{517BF3FC-49B2-40F5-8695-BE61AE369C18}.Debug|x64.ActiveCfg = Debug|Any CPU
		{517BF3FC-49B2-40F5-8695-BE61AE369C18}.Debug|x64.Build.0 = Debug|Any CPU
		{517BF3FC-49B2-40F5-8695-BE61AE369C18}.Debug|x86.ActiveCfg = Debug|Any CPU
		{517BF3FC-49B2-40F5-8695-BE61AE369C18}.Debug|x86.Build.0 = Debug|Any CPU
		{517BF3FC-49B2-40F5-8695-BE61AE369C18}.Release|Any CPU.ActiveCfg = Release|Any CPU
		{517BF3FC-49B2-40F5-8695-BE61AE369C18}.Release|Any CPU.Build.0 = Release|Any CPU
		{517BF3FC-49B2-40F5-8695-BE61AE369C18}.Release|x64.ActiveCfg = Release|Any CPU
		{517BF3FC-49B2-40F5-8695-BE61AE369C18}.Release|x64.Build.0 = Release|Any CPU
		{517BF3FC-49B2-40F5-8695-BE61AE369C18}.Release|x86.ActiveCfg = Release|Any CPU
		{517BF3FC-49B2-40F5-8695-BE61AE369C18}.Release|x86.Build.0 = Release|Any CPU
		{8F8A4735-984B-4E43-83F9-C4C2F97B3CBC}.Debug|Any CPU.ActiveCfg = Debug|Any CPU
		{8F8A4735-984B-4E43-83F9-C4C2F97B3CBC}.Debug|Any CPU.Build.0 = Debug|Any CPU
		{8F8A4735-984B-4E43-83F9-C4C2F97B3CBC}.Debug|x64.ActiveCfg = Debug|Any CPU
		{8F8A4735-984B-4E43-83F9-C4C2F97B3CBC}.Debug|x64.Build.0 = Debug|Any CPU
		{8F8A4735-984B-4E43-83F9-C4C2F97B3CBC}.Debug|x86.ActiveCfg = Debug|Any CPU
		{8F8A4735-984B-4E43-83F9-C4C2F97B3CBC}.Debug|x86.Build.0 = Debug|Any CPU
		{8F8A4735-984B-4E43-83F9-C4C2F97B3CBC}.Release|Any CPU.ActiveCfg = Release|Any CPU
		{8F8A4735-984B-4E43-83F9-C4C2F97B3CBC}.Release|Any CPU.Build.0 = Release|Any CPU
		{8F8A4735-984B-4E43-83F9-C4C2F97B3CBC}.Release|x64.ActiveCfg = Release|Any CPU
		{8F8A4735-984B-4E43-83F9-C4C2F97B3CBC}.Release|x64.Build.0 = Release|Any CPU
		{8F8A4735-984B-4E43-83F9-C4C2F97B3CBC}.Release|x86.ActiveCfg = Release|Any CPU
		{8F8A4735-984B-4E43-83F9-C4C2F97B3CBC}.Release|x86.Build.0 = Release|Any CPU
		{48C3444B-9CAD-4826-B52B-B10DC8B23B00}.Debug|Any CPU.ActiveCfg = Debug|Win32
		{48C3444B-9CAD-4826-B52B-B10DC8B23B00}.Debug|x64.ActiveCfg = Debug|x64
		{48C3444B-9CAD-4826-B52B-B10DC8B23B00}.Debug|x64.Build.0 = Debug|x64
		{48C3444B-9CAD-4826-B52B-B10DC8B23B00}.Debug|x86.ActiveCfg = Debug|Win32
		{48C3444B-9CAD-4826-B52B-B10DC8B23B00}.Debug|x86.Build.0 = Debug|Win32
		{48C3444B-9CAD-4826-B52B-B10DC8B23B00}.Release|Any CPU.ActiveCfg = Release|Win32
		{48C3444B-9CAD-4826-B52B-B10DC8B23B00}.Release|x64.ActiveCfg = Release|x64
		{48C3444B-9CAD-4826-B52B-B10DC8B23B00}.Release|x64.Build.0 = Release|x64
		{48C3444B-9CAD-4826-B52B-B10DC8B23B00}.Release|x86.ActiveCfg = Release|Win32
		{48C3444B-9CAD-4826-B52B-B10DC8B23B00}.Release|x86.Build.0 = Release|Win32
		{502AE1BE-DBB0-4765-B24F-1A3E06883976}.Debug|Any CPU.ActiveCfg = Debug|Any CPU
		{502AE1BE-DBB0-4765-B24F-1A3E06883976}.Debug|Any CPU.Build.0 = Debug|Any CPU
		{502AE1BE-DBB0-4765-B24F-1A3E06883976}.Debug|x64.ActiveCfg = Debug|Any CPU
		{502AE1BE-DBB0-4765-B24F-1A3E06883976}.Debug|x64.Build.0 = Debug|Any CPU
		{502AE1BE-DBB0-4765-B24F-1A3E06883976}.Debug|x86.ActiveCfg = Debug|Any CPU
		{502AE1BE-DBB0-4765-B24F-1A3E06883976}.Debug|x86.Build.0 = Debug|Any CPU
		{502AE1BE-DBB0-4765-B24F-1A3E06883976}.Release|Any CPU.ActiveCfg = Release|Any CPU
		{502AE1BE-DBB0-4765-B24F-1A3E06883976}.Release|Any CPU.Build.0 = Release|Any CPU
		{502AE1BE-DBB0-4765-B24F-1A3E06883976}.Release|x64.ActiveCfg = Release|Any CPU
		{502AE1BE-DBB0-4765-B24F-1A3E06883976}.Release|x64.Build.0 = Release|Any CPU
		{502AE1BE-DBB0-4765-B24F-1A3E06883976}.Release|x86.ActiveCfg = Release|Any CPU
		{502AE1BE-DBB0-4765-B24F-1A3E06883976}.Release|x86.Build.0 = Release|Any CPU
		{5E9BC322-E160-465E-8490-9E38C68F2BC0}.Debug|Any CPU.ActiveCfg = Debug|Any CPU
		{5E9BC322-E160-465E-8490-9E38C68F2BC0}.Debug|Any CPU.Build.0 = Debug|Any CPU
		{5E9BC322-E160-465E-8490-9E38C68F2BC0}.Debug|x64.ActiveCfg = Debug|Any CPU
		{5E9BC322-E160-465E-8490-9E38C68F2BC0}.Debug|x64.Build.0 = Debug|Any CPU
		{5E9BC322-E160-465E-8490-9E38C68F2BC0}.Debug|x86.ActiveCfg = Debug|Any CPU
		{5E9BC322-E160-465E-8490-9E38C68F2BC0}.Debug|x86.Build.0 = Debug|Any CPU
		{5E9BC322-E160-465E-8490-9E38C68F2BC0}.Release|Any CPU.ActiveCfg = Release|Any CPU
		{5E9BC322-E160-465E-8490-9E38C68F2BC0}.Release|Any CPU.Build.0 = Release|Any CPU
		{5E9BC322-E160-465E-8490-9E38C68F2BC0}.Release|x64.ActiveCfg = Release|Any CPU
		{5E9BC322-E160-465E-8490-9E38C68F2BC0}.Release|x64.Build.0 = Release|Any CPU
		{5E9BC322-E160-465E-8490-9E38C68F2BC0}.Release|x86.ActiveCfg = Release|Any CPU
		{5E9BC322-E160-465E-8490-9E38C68F2BC0}.Release|x86.Build.0 = Release|Any CPU
		{27BF45AF-A2B5-42DF-81EA-B3A70D19ECAD}.Debug|Any CPU.ActiveCfg = Debug|Win32
		{27BF45AF-A2B5-42DF-81EA-B3A70D19ECAD}.Debug|x64.ActiveCfg = Debug|x64
		{27BF45AF-A2B5-42DF-81EA-B3A70D19ECAD}.Debug|x64.Build.0 = Debug|x64
		{27BF45AF-A2B5-42DF-81EA-B3A70D19ECAD}.Debug|x86.ActiveCfg = Debug|Win32
		{27BF45AF-A2B5-42DF-81EA-B3A70D19ECAD}.Debug|x86.Build.0 = Debug|Win32
		{27BF45AF-A2B5-42DF-81EA-B3A70D19ECAD}.Release|Any CPU.ActiveCfg = Release|Win32
		{27BF45AF-A2B5-42DF-81EA-B3A70D19ECAD}.Release|x64.ActiveCfg = Release|x64
		{27BF45AF-A2B5-42DF-81EA-B3A70D19ECAD}.Release|x64.Build.0 = Release|x64
		{27BF45AF-A2B5-42DF-81EA-B3A70D19ECAD}.Release|x86.ActiveCfg = Release|Win32
		{27BF45AF-A2B5-42DF-81EA-B3A70D19ECAD}.Release|x86.Build.0 = Release|Win32
		{C17A8FC3-C9C0-4668-B4A9-31C87955ABB6}.Debug|Any CPU.ActiveCfg = Debug|Any CPU
		{C17A8FC3-C9C0-4668-B4A9-31C87955ABB6}.Debug|Any CPU.Build.0 = Debug|Any CPU
		{C17A8FC3-C9C0-4668-B4A9-31C87955ABB6}.Debug|x64.ActiveCfg = Debug|Any CPU
		{C17A8FC3-C9C0-4668-B4A9-31C87955ABB6}.Debug|x64.Build.0 = Debug|Any CPU
		{C17A8FC3-C9C0-4668-B4A9-31C87955ABB6}.Debug|x86.ActiveCfg = Debug|Any CPU
		{C17A8FC3-C9C0-4668-B4A9-31C87955ABB6}.Debug|x86.Build.0 = Debug|Any CPU
		{C17A8FC3-C9C0-4668-B4A9-31C87955ABB6}.Release|Any CPU.ActiveCfg = Release|Any CPU
		{C17A8FC3-C9C0-4668-B4A9-31C87955ABB6}.Release|Any CPU.Build.0 = Release|Any CPU
		{C17A8FC3-C9C0-4668-B4A9-31C87955ABB6}.Release|x64.ActiveCfg = Release|Any CPU
		{C17A8FC3-C9C0-4668-B4A9-31C87955ABB6}.Release|x64.Build.0 = Release|Any CPU
		{C17A8FC3-C9C0-4668-B4A9-31C87955ABB6}.Release|x86.ActiveCfg = Release|Any CPU
		{C17A8FC3-C9C0-4668-B4A9-31C87955ABB6}.Release|x86.Build.0 = Release|Any CPU
		{1419F347-D95F-44BF-B2DA-BA85FB4AB845}.Debug|Any CPU.ActiveCfg = Debug|Any CPU
		{1419F347-D95F-44BF-B2DA-BA85FB4AB845}.Debug|Any CPU.Build.0 = Debug|Any CPU
		{1419F347-D95F-44BF-B2DA-BA85FB4AB845}.Debug|x64.ActiveCfg = Debug|Any CPU
		{1419F347-D95F-44BF-B2DA-BA85FB4AB845}.Debug|x64.Build.0 = Debug|Any CPU
		{1419F347-D95F-44BF-B2DA-BA85FB4AB845}.Debug|x86.ActiveCfg = Debug|Any CPU
		{1419F347-D95F-44BF-B2DA-BA85FB4AB845}.Debug|x86.Build.0 = Debug|Any CPU
		{1419F347-D95F-44BF-B2DA-BA85FB4AB845}.Release|Any CPU.ActiveCfg = Release|Any CPU
		{1419F347-D95F-44BF-B2DA-BA85FB4AB845}.Release|Any CPU.Build.0 = Release|Any CPU
		{1419F347-D95F-44BF-B2DA-BA85FB4AB845}.Release|x64.ActiveCfg = Release|Any CPU
		{1419F347-D95F-44BF-B2DA-BA85FB4AB845}.Release|x64.Build.0 = Release|Any CPU
		{1419F347-D95F-44BF-B2DA-BA85FB4AB845}.Release|x86.ActiveCfg = Release|Any CPU
		{1419F347-D95F-44BF-B2DA-BA85FB4AB845}.Release|x86.Build.0 = Release|Any CPU
		{8BEBBF48-8B93-4D21-906D-D6BD25CC1F78}.Debug|Any CPU.ActiveCfg = Debug|Any CPU
		{8BEBBF48-8B93-4D21-906D-D6BD25CC1F78}.Debug|Any CPU.Build.0 = Debug|Any CPU
		{8BEBBF48-8B93-4D21-906D-D6BD25CC1F78}.Debug|x64.ActiveCfg = Debug|Any CPU
		{8BEBBF48-8B93-4D21-906D-D6BD25CC1F78}.Debug|x64.Build.0 = Debug|Any CPU
		{8BEBBF48-8B93-4D21-906D-D6BD25CC1F78}.Debug|x86.ActiveCfg = Debug|Any CPU
		{8BEBBF48-8B93-4D21-906D-D6BD25CC1F78}.Debug|x86.Build.0 = Debug|Any CPU
		{8BEBBF48-8B93-4D21-906D-D6BD25CC1F78}.Release|Any CPU.ActiveCfg = Release|Any CPU
		{8BEBBF48-8B93-4D21-906D-D6BD25CC1F78}.Release|Any CPU.Build.0 = Release|Any CPU
		{8BEBBF48-8B93-4D21-906D-D6BD25CC1F78}.Release|x64.ActiveCfg = Release|Any CPU
		{8BEBBF48-8B93-4D21-906D-D6BD25CC1F78}.Release|x64.Build.0 = Release|Any CPU
		{8BEBBF48-8B93-4D21-906D-D6BD25CC1F78}.Release|x86.ActiveCfg = Release|Any CPU
		{8BEBBF48-8B93-4D21-906D-D6BD25CC1F78}.Release|x86.Build.0 = Release|Any CPU
	EndGlobalSection
	GlobalSection(SolutionProperties) = preSolution
		HideSolutionNode = FALSE
	EndGlobalSection
	GlobalSection(ExtensibilityGlobals) = postSolution
		SolutionGuid = {2C836C9D-889A-4A54-986B-D30342D8E2EE}
	EndGlobalSection
EndGlobal
